
Microsoft Visual Studio Solution File, Format Version 12.00
# Visual Studio Version 17
VisualStudioVersion = 17.5.33627.172
MinimumVisualStudioVersion = 10.0.40219.1
Project("{FAE04EC0-301F-11D3-BF4B-00C04F79EFBC}") = "DGV DataShow", "Ronny Beispielaufgabe\DGV DataShow.csproj", "{1E90B532-3E3B-46D6-B4AD-8CF7CE5A1235}"
EndProject
Global
	GlobalSection(SolutionConfigurationPlatforms) = preSolution
		Debug|Any CPU = Debug|Any CPU
		Release|Any CPU = Release|Any CPU
	EndGlobalSection
	GlobalSection(ProjectConfigurationPlatforms) = postSolution
		{1E90B532-3E3B-46D6-B4AD-8CF7CE5A1235}.Debug|Any CPU.ActiveCfg = Debug|Any CPU
		{1E90B532-3E3B-46D6-B4AD-8CF7CE5A1235}.Debug|Any CPU.Build.0 = Debug|Any CPU
		{1E90B532-3E3B-46D6-B4AD-8CF7CE5A1235}.Release|Any CPU.ActiveCfg = Release|Any CPU
		{1E90B532-3E3B-46D6-B4AD-8CF7CE5A1235}.Release|Any CPU.Build.0 = Release|Any CPU
	EndGlobalSection
	GlobalSection(SolutionProperties) = preSolution
		HideSolutionNode = FALSE
	EndGlobalSection
	GlobalSection(ExtensibilityGlobals) = postSolution
		SolutionGuid = {83EA08DF-C97C-4283-B03C-2E370F8CE99A}
	EndGlobalSection
EndGlobal
